{
  "name": "Paradox",
  "lockfileVersion": 3,
  "requires": true,
  "packages": {
    "": {
      "dependencies": {
        "@mlc-ai/web-llm": "^0.2.34"
      }
    },
    "node_modules/@mlc-ai/web-llm": {
      "version": "0.2.34",
      "resolved": "https://registry.npmjs.org/@mlc-ai/web-llm/-/web-llm-0.2.34.tgz",
      "integrity": "sha512-GMYetVeWN+C1gJLuGz2hjZjCZyuJmWiBVFVqHnspfgNcDxu3VxFrfFrU8B1XT6sEh+v3tMAW1PW6cW9HCTcVaQ==",
      "license": "Apache-2.0"
    }
  }
}
